
Microsoft Visual Studio Solution File, Format Version 12.00
# Visual Studio 14
VisualStudioVersion = 14.0.25420.1
MinimumVisualStudioVersion = 10.0.40219.1
Project("{2150E333-8FDC-42A3-9474-1A3956D46DE8}") = "src", "src", "{B0BBD7C9-0A7A-4C56-8714-05AA311D6ED8}"
EndProject
Project("{2150E333-8FDC-42A3-9474-1A3956D46DE8}") = "Solution Items", "Solution Items", "{C9C74195-2B3B-42E1-94AC-E77E595095AC}"
	ProjectSection(SolutionItems) = preProject
		global.json = global.json
	EndProjectSection
EndProject
Project("{8BB2217D-0F2D-49D1-97BC-3654ED321F3B}") = "CustomerExampleApi", "src\CustomerExampleApi\CustomerExampleApi.xproj", "{8063EA8C-42EE-4AE4-BB1F-BE7862A65F73}"
EndProject
Global
	GlobalSection(SolutionConfigurationPlatforms) = preSolution
		Debug|Any CPU = Debug|Any CPU
		Release|Any CPU = Release|Any CPU
	EndGlobalSection
	GlobalSection(ProjectConfigurationPlatforms) = postSolution
		{8063EA8C-42EE-4AE4-BB1F-BE7862A65F73}.Debug|Any CPU.ActiveCfg = Debug|Any CPU
		{8063EA8C-42EE-4AE4-BB1F-BE7862A65F73}.Debug|Any CPU.Build.0 = Debug|Any CPU
		{8063EA8C-42EE-4AE4-BB1F-BE7862A65F73}.Release|Any CPU.ActiveCfg = Release|Any CPU
		{8063EA8C-42EE-4AE4-BB1F-BE7862A65F73}.Release|Any CPU.Build.0 = Release|Any CPU
	EndGlobalSection
	GlobalSection(SolutionProperties) = preSolution
		HideSolutionNode = FALSE
	EndGlobalSection
	GlobalSection(NestedProjects) = preSolution
		{8063EA8C-42EE-4AE4-BB1F-BE7862A65F73} = {B0BBD7C9-0A7A-4C56-8714-05AA311D6ED8}
	EndGlobalSection
EndGlobal
